
Microsoft Visual Studio Solution File, Format Version 12.00
# Visual Studio Version 17
VisualStudioVersion = 17.7.34221.43
MinimumVisualStudioVersion = 10.0.40219.1
Project("{FAE04EC0-301F-11D3-BF4B-00C04F79EFBC}") = "ConvexHull.Tests", "ConvexHull.Tests\ConvexHull.Tests.csproj", "{B21CE598-A270-4465-B0D4-C4D79F2D4604}"
EndProject
Project("{FAE04EC0-301F-11D3-BF4B-00C04F79EFBC}") = "ConvexHull", "ConvexHull\ConvexHull.csproj", "{EDFE07A6-C6AD-4CF3-B346-C02F4210A159}"
EndProject
Global
	GlobalSection(SolutionConfigurationPlatforms) = preSolution
		Debug|Any CPU = Debug|Any CPU
		Release|Any CPU = Release|Any CPU
	EndGlobalSection
	GlobalSection(ProjectConfigurationPlatforms) = postSolution
		{B21CE598-A270-4465-B0D4-C4D79F2D4604}.Debug|Any CPU.ActiveCfg = Debug|Any CPU
		{B21CE598-A270-4465-B0D4-C4D79F2D4604}.Debug|Any CPU.Build.0 = Debug|Any CPU
		{B21CE598-A270-4465-B0D4-C4D79F2D4604}.Release|Any CPU.ActiveCfg = Release|Any CPU
		{B21CE598-A270-4465-B0D4-C4D79F2D4604}.Release|Any CPU.Build.0 = Release|Any CPU
		{EDFE07A6-C6AD-4CF3-B346-C02F4210A159}.Debug|Any CPU.ActiveCfg = Debug|Any CPU
		{EDFE07A6-C6AD-4CF3-B346-C02F4210A159}.Debug|Any CPU.Build.0 = Debug|Any CPU
		{EDFE07A6-C6AD-4CF3-B346-C02F4210A159}.Release|Any CPU.ActiveCfg = Release|Any CPU
		{EDFE07A6-C6AD-4CF3-B346-C02F4210A159}.Release|Any CPU.Build.0 = Release|Any CPU
	EndGlobalSection
	GlobalSection(SolutionProperties) = preSolution
		HideSolutionNode = FALSE
	EndGlobalSection
	GlobalSection(ExtensibilityGlobals) = postSolution
		SolutionGuid = {126D2A76-115C-4364-91E2-6520464323ED}
	EndGlobalSection
EndGlobal
